
Microsoft Visual Studio Solution File, Format Version 12.00
# Visual Studio Version 17
VisualStudioVersion = 17.1.32407.343
MinimumVisualStudioVersion = 10.0.40219.1
Project("{9A19103F-16F7-4668-BE54-9A1E7A4F7556}") = "ExportaCidades", "ExportaCidades\ExportaCidades.csproj", "{6B166EE0-85DB-4A9F-83BC-C17C0D88C751}"
EndProject
Global
	GlobalSection(SolutionConfigurationPlatforms) = preSolution
		Debug|Any CPU = Debug|Any CPU
		Release|Any CPU = Release|Any CPU
	EndGlobalSection
	GlobalSection(ProjectConfigurationPlatforms) = postSolution
		{6B166EE0-85DB-4A9F-83BC-C17C0D88C751}.Debug|Any CPU.ActiveCfg = Debug|Any CPU
		{6B166EE0-85DB-4A9F-83BC-C17C0D88C751}.Debug|Any CPU.Build.0 = Debug|Any CPU
		{6B166EE0-85DB-4A9F-83BC-C17C0D88C751}.Release|Any CPU.ActiveCfg = Release|Any CPU
		{6B166EE0-85DB-4A9F-83BC-C17C0D88C751}.Release|Any CPU.Build.0 = Release|Any CPU
	EndGlobalSection
	GlobalSection(SolutionProperties) = preSolution
		HideSolutionNode = FALSE
	EndGlobalSection
	GlobalSection(ExtensibilityGlobals) = postSolution
		SolutionGuid = {7D97DD81-600B-4163-ACD9-388E144DF6D3}
	EndGlobalSection
EndGlobal
